
Microsoft Visual Studio Solution File, Format Version 12.00
# Visual Studio Version 17
VisualStudioVersion = 17.7.34202.233
MinimumVisualStudioVersion = 10.0.40219.1
Project("{FAE04EC0-301F-11D3-BF4B-00C04F79EFBC}") = "RPS", "RPS.csproj", "{4FA4965B-F824-40C6-8673-D260D127DF83}"
EndProject
Global
	GlobalSection(SolutionConfigurationPlatforms) = preSolution
		Debug|Any CPU = Debug|Any CPU
		Release|Any CPU = Release|Any CPU
	EndGlobalSection
	GlobalSection(ProjectConfigurationPlatforms) = postSolution
		{4FA4965B-F824-40C6-8673-D260D127DF83}.Debug|Any CPU.ActiveCfg = Debug|Any CPU
		{4FA4965B-F824-40C6-8673-D260D127DF83}.Debug|Any CPU.Build.0 = Debug|Any CPU
		{4FA4965B-F824-40C6-8673-D260D127DF83}.Release|Any CPU.ActiveCfg = Release|Any CPU
		{4FA4965B-F824-40C6-8673-D260D127DF83}.Release|Any CPU.Build.0 = Release|Any CPU
	EndGlobalSection
	GlobalSection(SolutionProperties) = preSolution
		HideSolutionNode = FALSE
	EndGlobalSection
	GlobalSection(ExtensibilityGlobals) = postSolution
		SolutionGuid = {D8154949-72E8-4E96-8D17-F125593AFA59}
	EndGlobalSection
EndGlobal
